
Microsoft Visual Studio Solution File, Format Version 12.00
# Visual Studio 15
VisualStudioVersion = 15.0.28307.168
MinimumVisualStudioVersion = 10.0.40219.1
Project("{FAE04EC0-301F-11D3-BF4B-00C04F79EFBC}") = "XamarinTesti.Android", "XamarinTesti\XamarinTesti.Android\XamarinTesti.Android.csproj", "{D3634FB1-1CE3-49D2-910F-BD1534D38B3E}"
EndProject
Project("{FAE04EC0-301F-11D3-BF4B-00C04F79EFBC}") = "XamarinTesti.iOS", "XamarinTesti\XamarinTesti.iOS\XamarinTesti.iOS.csproj", "{DAB35D71-BA8D-441A-85CB-C55F605982ED}"
EndProject
Project("{FAE04EC0-301F-11D3-BF4B-00C04F79EFBC}") = "XamarinTesti", "XamarinTesti\XamarinTesti\XamarinTesti.csproj", "{0AF89056-2A13-4372-B7C8-25CCDF584922}"
EndProject
Global
	GlobalSection(SolutionConfigurationPlatforms) = preSolution
		Ad-Hoc|Any CPU = Ad-Hoc|Any CPU
		Ad-Hoc|iPhone = Ad-Hoc|iPhone
		Ad-Hoc|iPhoneSimulator = Ad-Hoc|iPhoneSimulator
		AppStore|Any CPU = AppStore|Any CPU
		AppStore|iPhone = AppStore|iPhone
		AppStore|iPhoneSimulator = AppStore|iPhoneSimulator
		Debug|Any CPU = Debug|Any CPU
		Debug|iPhone = Debug|iPhone
		Debug|iPhoneSimulator = Debug|iPhoneSimulator
		Release|Any CPU = Release|Any CPU
		Release|iPhone = Release|iPhone
		Release|iPhoneSimulator = Release|iPhoneSimulator
	EndGlobalSection
	GlobalSection(ProjectConfigurationPlatforms) = postSolution
		{D3634FB1-1CE3-49D2-910F-BD1534D38B3E}.Ad-Hoc|Any CPU.ActiveCfg = Release|Any CPU
		{D3634FB1-1CE3-49D2-910F-BD1534D38B3E}.Ad-Hoc|Any CPU.Build.0 = Release|Any CPU
		{D3634FB1-1CE3-49D2-910F-BD1534D38B3E}.Ad-Hoc|Any CPU.Deploy.0 = Release|Any CPU
		{D3634FB1-1CE3-49D2-910F-BD1534D38B3E}.Ad-Hoc|iPhone.ActiveCfg = Release|Any CPU
		{D3634FB1-1CE3-49D2-910F-BD1534D38B3E}.Ad-Hoc|iPhone.Build.0 = Release|Any CPU
		{D3634FB1-1CE3-49D2-910F-BD1534D38B3E}.Ad-Hoc|iPhone.Deploy.0 = Release|Any CPU
		{D3634FB1-1CE3-49D2-910F-BD1534D38B3E}.Ad-Hoc|iPhoneSimulator.ActiveCfg = Release|Any CPU
		{D3634FB1-1CE3-49D2-910F-BD1534D38B3E}.Ad-Hoc|iPhoneSimulator.Build.0 = Release|Any CPU
		{D3634FB1-1CE3-49D2-910F-BD1534D38B3E}.Ad-Hoc|iPhoneSimulator.Deploy.0 = Release|Any CPU
		{D3634FB1-1CE3-49D2-910F-BD1534D38B3E}.AppStore|Any CPU.ActiveCfg = Release|Any CPU
		{D3634FB1-1CE3-49D2-910F-BD1534D38B3E}.AppStore|Any CPU.Build.0 = Release|Any CPU
		{D3634FB1-1CE3-49D2-910F-BD1534D38B3E}.AppStore|Any CPU.Deploy.0 = Release|Any CPU
		{D3634FB1-1CE3-49D2-910F-BD1534D38B3E}.AppStore|iPhone.ActiveCfg = Release|Any CPU
		{D3634FB1-1CE3-49D2-910F-BD1534D38B3E}.AppStore|iPhone.Build.0 = Release|Any CPU
		{D3634FB1-1CE3-49D2-910F-BD1534D38B3E}.AppStore|iPhone.Deploy.0 = Release|Any CPU
		{D3634FB1-1CE3-49D2-910F-BD1534D38B3E}.AppStore|iPhoneSimulator.ActiveCfg = Release|Any CPU
		{D3634FB1-1CE3-49D2-910F-BD1534D38B3E}.AppStore|iPhoneSimulator.Build.0 = Release|Any CPU
		{D3634FB1-1CE3-49D2-910F-BD1534D38B3E}.AppStore|iPhoneSimulator.Deploy.0 = Release|Any CPU
		{D3634FB1-1CE3-49D2-910F-BD1534D38B3E}.Debug|Any CPU.ActiveCfg = Debug|Any CPU
		{D3634FB1-1CE3-49D2-910F-BD1534D38B3E}.Debug|Any CPU.Build.0 = Debug|Any CPU
		{D3634FB1-1CE3-49D2-910F-BD1534D38B3E}.Debug|Any CPU.Deploy.0 = Debug|Any CPU
		{D3634FB1-1CE3-49D2-910F-BD1534D38B3E}.Debug|iPhone.ActiveCfg = Debug|Any CPU
		{D3634FB1-1CE3-49D2-910F-BD1534D38B3E}.Debug|iPhone.Build.0 = Debug|Any CPU
		{D3634FB1-1CE3-49D2-910F-BD1534D38B3E}.Debug|iPhone.Deploy.0 = Debug|Any CPU
		{D3634FB1-1CE3-49D2-910F-BD1534D38B3E}.Debug|iPhoneSimulator.ActiveCfg = Debug|Any CPU
		{D3634FB1-1CE3-49D2-910F-BD1534D38B3E}.Debug|iPhoneSimulator.Build.0 = Debug|Any CPU
		{D3634FB1-1CE3-49D2-910F-BD1534D38B3E}.Debug|iPhoneSimulator.Deploy.0 = Debug|Any CPU
		{D3634FB1-1CE3-49D2-910F-BD1534D38B3E}.Release|Any CPU.ActiveCfg = Release|Any CPU
		{D3634FB1-1CE3-49D2-910F-BD1534D38B3E}.Release|Any CPU.Build.0 = Release|Any CPU
		{D3634FB1-1CE3-49D2-910F-BD1534D38B3E}.Release|Any CPU.Deploy.0 = Release|Any CPU
		{D3634FB1-1CE3-49D2-910F-BD1534D38B3E}.Release|iPhone.ActiveCfg = Release|Any CPU
		{D3634FB1-1CE3-49D2-910F-BD1534D38B3E}.Release|iPhone.Build.0 = Release|Any CPU
		{D3634FB1-1CE3-49D2-910F-BD1534D38B3E}.Release|iPhone.Deploy.0 = Release|Any CPU
		{D3634FB1-1CE3-49D2-910F-BD1534D38B3E}.Release|iPhoneSimulator.ActiveCfg = Release|Any CPU
		{D3634FB1-1CE3-49D2-910F-BD1534D38B3E}.Release|iPhoneSimulator.Build.0 = Release|Any CPU
		{D3634FB1-1CE3-49D2-910F-BD1534D38B3E}.Release|iPhoneSimulator.Deploy.0 = Release|Any CPU
		{DAB35D71-BA8D-441A-85CB-C55F605982ED}.Ad-Hoc|Any CPU.ActiveCfg = Ad-Hoc|iPhone
		{DAB35D71-BA8D-441A-85CB-C55F605982ED}.Ad-Hoc|Any CPU.Build.0 = Ad-Hoc|iPhone
		{DAB35D71-BA8D-441A-85CB-C55F605982ED}.Ad-Hoc|Any CPU.Deploy.0 = Ad-Hoc|iPhone
		{DAB35D71-BA8D-441A-85CB-C55F605982ED}.Ad-Hoc|iPhone.ActiveCfg = Ad-Hoc|iPhone
		{DAB35D71-BA8D-441A-85CB-C55F605982ED}.Ad-Hoc|iPhone.Build.0 = Ad-Hoc|iPhone
		{DAB35D71-BA8D-441A-85CB-C55F605982ED}.Ad-Hoc|iPhone.Deploy.0 = Ad-Hoc|iPhone
		{DAB35D71-BA8D-441A-85CB-C55F605982ED}.Ad-Hoc|iPhoneSimulator.ActiveCfg = Ad-Hoc|iPhoneSimulator
		{DAB35D71-BA8D-441A-85CB-C55F605982ED}.Ad-Hoc|iPhoneSimulator.Build.0 = Ad-Hoc|iPhoneSimulator
		{DAB35D71-BA8D-441A-85CB-C55F605982ED}.Ad-Hoc|iPhoneSimulator.Deploy.0 = Ad-Hoc|iPhoneSimulator
		{DAB35D71-BA8D-441A-85CB-C55F605982ED}.AppStore|Any CPU.ActiveCfg = AppStore|iPhone
		{DAB35D71-BA8D-441A-85CB-C55F605982ED}.AppStore|Any CPU.Build.0 = AppStore|iPhone
		{DAB35D71-BA8D-441A-85CB-C55F605982ED}.AppStore|Any CPU.Deploy.0 = AppStore|iPhone
		{DAB35D71-BA8D-441A-85CB-C55F605982ED}.AppStore|iPhone.ActiveCfg = AppStore|iPhone
		{DAB35D71-BA8D-441A-85CB-C55F605982ED}.AppStore|iPhone.Build.0 = AppStore|iPhone
		{DAB35D71-BA8D-441A-85CB-C55F605982ED}.AppStore|iPhone.Deploy.0 = AppStore|iPhone
		{DAB35D71-BA8D-441A-85CB-C55F605982ED}.AppStore|iPhoneSimulator.ActiveCfg = AppStore|iPhoneSimulator
		{DAB35D71-BA8D-441A-85CB-C55F605982ED}.AppStore|iPhoneSimulator.Build.0 = AppStore|iPhoneSimulator
		{DAB35D71-BA8D-441A-85CB-C55F605982ED}.AppStore|iPhoneSimulator.Deploy.0 = AppStore|iPhoneSimulator
		{DAB35D71-BA8D-441A-85CB-C55F605982ED}.Debug|Any CPU.ActiveCfg = Debug|iPhoneSimulator
		{DAB35D71-BA8D-441A-85CB-C55F605982ED}.Debug|Any CPU.Build.0 = Debug|iPhoneSimulator
		{DAB35D71-BA8D-441A-85CB-C55F605982ED}.Debug|Any CPU.Deploy.0 = Debug|iPhoneSimulator
		{DAB35D71-BA8D-441A-85CB-C55F605982ED}.Debug|iPhone.ActiveCfg = Debug|iPhone
		{DAB35D71-BA8D-441A-85CB-C55F605982ED}.Debug|iPhone.Build.0 = Debug|iPhone
		{DAB35D71-BA8D-441A-85CB-C55F605982ED}.Debug|iPhone.Deploy.0 = Debug|iPhone
		{DAB35D71-BA8D-441A-85CB-C55F605982ED}.Debug|iPhoneSimulator.ActiveCfg = Debug|iPhoneSimulator
		{DAB35D71-BA8D-441A-85CB-C55F605982ED}.Debug|iPhoneSimulator.Build.0 = Debug|iPhoneSimulator
		{DAB35D71-BA8D-441A-85CB-C55F605982ED}.Debug|iPhoneSimulator.Deploy.0 = Debug|iPhoneSimulator
		{DAB35D71-BA8D-441A-85CB-C55F605982ED}.Release|Any CPU.ActiveCfg = Release|iPhone
		{DAB35D71-BA8D-441A-85CB-C55F605982ED}.Release|Any CPU.Build.0 = Release|iPhone
		{DAB35D71-BA8D-441A-85CB-C55F605982ED}.Release|Any CPU.Deploy.0 = Release|iPhone
		{DAB35D71-BA8D-441A-85CB-C55F605982ED}.Release|iPhone.ActiveCfg = Release|iPhone
		{DAB35D71-BA8D-441A-85CB-C55F605982ED}.Release|iPhone.Build.0 = Release|iPhone
		{DAB35D71-BA8D-441A-85CB-C55F605982ED}.Release|iPhone.Deploy.0 = Release|iPhone
		{DAB35D71-BA8D-441A-85CB-C55F605982ED}.Release|iPhoneSimulator.ActiveCfg = Release|iPhoneSimulator
		{DAB35D71-BA8D-441A-85CB-C55F605982ED}.Release|iPhoneSimulator.Build.0 = Release|iPhoneSimulator
		{DAB35D71-BA8D-441A-85CB-C55F605982ED}.Release|iPhoneSimulator.Deploy.0 = Release|iPhoneSimulator
		{0AF89056-2A13-4372-B7C8-25CCDF584922}.Ad-Hoc|Any CPU.ActiveCfg = Debug|Any CPU
		{0AF89056-2A13-4372-B7C8-25CCDF584922}.Ad-Hoc|Any CPU.Build.0 = Debug|Any CPU
		{0AF89056-2A13-4372-B7C8-25CCDF584922}.Ad-Hoc|Any CPU.Deploy.0 = Debug|Any CPU
		{0AF89056-2A13-4372-B7C8-25CCDF584922}.Ad-Hoc|iPhone.ActiveCfg = Debug|Any CPU
		{0AF89056-2A13-4372-B7C8-25CCDF584922}.Ad-Hoc|iPhone.Build.0 = Debug|Any CPU
		{0AF89056-2A13-4372-B7C8-25CCDF584922}.Ad-Hoc|iPhone.Deploy.0 = Debug|Any CPU
		{0AF89056-2A13-4372-B7C8-25CCDF584922}.Ad-Hoc|iPhoneSimulator.ActiveCfg = Debug|Any CPU
		{0AF89056-2A13-4372-B7C8-25CCDF584922}.Ad-Hoc|iPhoneSimulator.Build.0 = Debug|Any CPU
		{0AF89056-2A13-4372-B7C8-25CCDF584922}.Ad-Hoc|iPhoneSimulator.Deploy.0 = Debug|Any CPU
		{0AF89056-2A13-4372-B7C8-25CCDF584922}.AppStore|Any CPU.ActiveCfg = Debug|Any CPU
		{0AF89056-2A13-4372-B7C8-25CCDF584922}.AppStore|Any CPU.Build.0 = Debug|Any CPU
		{0AF89056-2A13-4372-B7C8-25CCDF584922}.AppStore|Any CPU.Deploy.0 = Debug|Any CPU
		{0AF89056-2A13-4372-B7C8-25CCDF584922}.AppStore|iPhone.ActiveCfg = Debug|Any CPU
		{0AF89056-2A13-4372-B7C8-25CCDF584922}.AppStore|iPhone.Build.0 = Debug|Any CPU
		{0AF89056-2A13-4372-B7C8-25CCDF584922}.AppStore|iPhone.Deploy.0 = Debug|Any CPU
		{0AF89056-2A13-4372-B7C8-25CCDF584922}.AppStore|iPhoneSimulator.ActiveCfg = Debug|Any CPU
		{0AF89056-2A13-4372-B7C8-25CCDF584922}.AppStore|iPhoneSimulator.Build.0 = Debug|Any CPU
		{0AF89056-2A13-4372-B7C8-25CCDF584922}.AppStore|iPhoneSimulator.Deploy.0 = Debug|Any CPU
		{0AF89056-2A13-4372-B7C8-25CCDF584922}.Debug|Any CPU.ActiveCfg = Debug|Any CPU
		{0AF89056-2A13-4372-B7C8-25CCDF584922}.Debug|Any CPU.Build.0 = Debug|Any CPU
		{0AF89056-2A13-4372-B7C8-25CCDF584922}.Debug|Any CPU.Deploy.0 = Debug|Any CPU
		{0AF89056-2A13-4372-B7C8-25CCDF584922}.Debug|iPhone.ActiveCfg = Debug|Any CPU
		{0AF89056-2A13-4372-B7C8-25CCDF584922}.Debug|iPhone.Build.0 = Debug|Any CPU
		{0AF89056-2A13-4372-B7C8-25CCDF584922}.Debug|iPhone.Deploy.0 = Debug|Any CPU
		{0AF89056-2A13-4372-B7C8-25CCDF584922}.Debug|iPhoneSimulator.ActiveCfg = Debug|Any CPU
		{0AF89056-2A13-4372-B7C8-25CCDF584922}.Debug|iPhoneSimulator.Build.0 = Debug|Any CPU
		{0AF89056-2A13-4372-B7C8-25CCDF584922}.Debug|iPhoneSimulator.Deploy.0 = Debug|Any CPU
		{0AF89056-2A13-4372-B7C8-25CCDF584922}.Release|Any CPU.ActiveCfg = Release|Any CPU
		{0AF89056-2A13-4372-B7C8-25CCDF584922}.Release|Any CPU.Build.0 = Release|Any CPU
		{0AF89056-2A13-4372-B7C8-25CCDF584922}.Release|Any CPU.Deploy.0 = Release|Any CPU
		{0AF89056-2A13-4372-B7C8-25CCDF584922}.Release|iPhone.ActiveCfg = Release|Any CPU
		{0AF89056-2A13-4372-B7C8-25CCDF584922}.Release|iPhone.Build.0 = Release|Any CPU
		{0AF89056-2A13-4372-B7C8-25CCDF584922}.Release|iPhone.Deploy.0 = Release|Any CPU
		{0AF89056-2A13-4372-B7C8-25CCDF584922}.Release|iPhoneSimulator.ActiveCfg = Release|Any CPU
		{0AF89056-2A13-4372-B7C8-25CCDF584922}.Release|iPhoneSimulator.Build.0 = Release|Any CPU
		{0AF89056-2A13-4372-B7C8-25CCDF584922}.Release|iPhoneSimulator.Deploy.0 = Release|Any CPU
	EndGlobalSection
	GlobalSection(SolutionProperties) = preSolution
		HideSolutionNode = FALSE
	EndGlobalSection
	GlobalSection(ExtensibilityGlobals) = postSolution
		SolutionGuid = {6379A9DD-82A4-4D48-AFCE-85481A3BA85F}
	EndGlobalSection
EndGlobal
